Microsoft Visual Studio Solution File, Format Version 12.00
# Visual Studio Version 17
VisualStudioVersion = 17.5.2.0
MinimumVisualStudioVersion = 10.0.40219.1
Project("{2150E333-8FDC-42A3-9474-1A3956D46DE8}") = "services", "services", "{5854FF58-B8C5-05C6-5BF2-ACE42193F22B}"
EndProject
Project("{2150E333-8FDC-42A3-9474-1A3956D46DE8}") = "notification-dotnet", "notification-dotnet", "{CC094217-6A2E-D682-90AC-117C29670BB0}"
EndProject
Project("{FAE04EC0-301F-11D3-BF4B-00C04F79EFBC}") = "NotificationService", "services\notification-dotnet\NotificationService\NotificationService.csproj", "{5BE2B33F-083C-8894-BCEE-EB6A377D0646}"
EndProject
Global
	GlobalSection(SolutionConfigurationPlatforms) = preSolution
		Debug|Any CPU = Debug|Any CPU
		Release|Any CPU = Release|Any CPU
	EndGlobalSection
	GlobalSection(ProjectConfigurationPlatforms) = postSolution
		{5BE2B33F-083C-8894-BCEE-EB6A377D0646}.Debug|Any CPU.ActiveCfg = Debug|Any CPU
		{5BE2B33F-083C-8894-BCEE-EB6A377D0646}.Debug|Any CPU.Build.0 = Debug|Any CPU
		{5BE2B33F-083C-8894-BCEE-EB6A377D0646}.Release|Any CPU.ActiveCfg = Release|Any CPU
		{5BE2B33F-083C-8894-BCEE-EB6A377D0646}.Release|Any CPU.Build.0 = Release|Any CPU
	EndGlobalSection
	GlobalSection(SolutionProperties) = preSolution
		HideSolutionNode = FALSE
	EndGlobalSection
	GlobalSection(NestedProjects) = preSolution
		{CC094217-6A2E-D682-90AC-117C29670BB0} = {5854FF58-B8C5-05C6-5BF2-ACE42193F22B}
		{5BE2B33F-083C-8894-BCEE-EB6A377D0646} = {CC094217-6A2E-D682-90AC-117C29670BB0}
	EndGlobalSection
	GlobalSection(ExtensibilityGlobals) = postSolution
		SolutionGuid = {E7614896-A27E-4946-927E-C4F7A84E654D}
	EndGlobalSection
EndGlobal
